# This file is automatically @generated by Poetry 1.8.2 and should not be changed by hand.

[[package]]
name = "quantlib"
version = "1.34"
description = "Python bindings for the QuantLib library"
optional = false
python-versions = "*"
files = [
    {file = "QuantLib-1.34-cp38-abi3-macosx_10_9_x86_64.whl", hash = "sha256:3474c2e005addd853a9340e00bf9fee4c95ce9070a27b4f7d2a1d9849ddc31d2"},
    {file = "QuantLib-1.34-cp38-abi3-macosx_11_0_arm64.whl", hash = "sha256:81a766a6b07c13845e675da5e1607affd6997802d2f524793184b16b0534aa4f"},
    {file = "QuantLib-1.34-cp38-abi3-manylinux_2_17_aarch64.manylinux2014_aarch64.whl", hash = "sha256:cb1f760c3c3b60d4f4e0ad82e274785bbe9fff55eba39d23f50e23380421d804"},
    {file = "QuantLib-1.34-cp38-abi3-manylinux_2_17_i686.manylinux2014_i686.whl", hash = "sha256:76f8867077643bd2810b78cb48edb3dc96d8374edbb7bce71554a1d579aef2b3"},
    {file = "QuantLib-1.34-cp38-abi3-manylinux_2_17_x86_64.manylinux2014_x86_64.whl", hash = "sha256:c7d32f8969a6fb6bc973084377cb125bcca19b458002e9a6b398b7ce1192880b"},
    {file = "QuantLib-1.34-cp38-abi3-musllinux_1_1_aarch64.whl", hash = "sha256:5fe7fab43905951746e5adf0ac0186fc88b3219617c4980fb73d3bcb0fb79c1c"},
    {file = "QuantLib-1.34-cp38-abi3-musllinux_1_1_i686.whl", hash = "sha256:750042339ef6b06229f7d4e00d4a2d068a6faec4c2768007abde5121a0abd2f4"},
    {file = "QuantLib-1.34-cp38-abi3-musllinux_1_1_x86_64.whl", hash = "sha256:fe4a66012bcef7859abd8614fa5371990e674efeb797e5becee6a98c4293f0e3"},
    {file = "QuantLib-1.34-cp38-abi3-win32.whl", hash = "sha256:7ffb84994a13933ed97b8a8684fd9f9f363aee2e1988c4a3837306f00f6852b3"},
    {file = "QuantLib-1.34-cp38-abi3-win_amd64.whl", hash = "sha256:bc407180e31e226a2d152a84b19cd1e1089aae0232b57459115d04438d7edc3a"},
    {file = "QuantLib-1.34-pp310-pypy310_pp73-macosx_10_9_x86_64.whl", hash = "sha256:20fae6bc958748cd023fac9f3bc1ea624899bc74c890996d291592927b623710"},
    {file = "QuantLib-1.34-pp310-pypy310_pp73-manylinux_2_17_aarch64.manylinux2014_aarch64.whl", hash = "sha256:008ed4d3a108aa26738bbf763ff115f6eac02ac8b00b0947a69b027f8e045497"},
    {file = "QuantLib-1.34-pp310-pypy310_pp73-manylinux_2_17_i686.manylinux2014_i686.whl", hash = "sha256:0759687a3fd358082f2c24fd59756e0e113bc8e8482dac1c781925f935d57d28"},
    {file = "QuantLib-1.34-pp310-pypy310_pp73-manylinux_2_17_x86_64.manylinux2014_x86_64.whl", hash = "sha256:9a3e2cb5d654a2cdfad749f5b4004de3a2b8f99ed85f04e6932bef8e840bf918"},
    {file = "QuantLib-1.34-pp310-pypy310_pp73-win_amd64.whl", hash = "sha256:53f6c6db99a0a0786042d51094740f72c67a7fbd13873018143273124b7fdd47"},
    {file = "QuantLib-1.34-pp39-pypy39_pp73-macosx_10_9_x86_64.whl", hash = "sha256:e4d46b213b277e8e3da4c519437965c4cb1e63a2e71897d9f2503d9aaa237dd4"},
    {file = "QuantLib-1.34-pp39-pypy39_pp73-manylinux_2_17_aarch64.manylinux2014_aarch64.whl", hash = "sha256:567951e7786af42412101de937daf5dbd3a34f0ddc56a519d4967551f99336ba"},
    {file = "QuantLib-1.34-pp39-pypy39_pp73-manylinux_2_17_i686.manylinux2014_i686.whl", hash = "sha256:1ed73276db9102baf7c4acfb5274dfd0b9f0ce149ff83036bbc4c1752ccfebf8"},
    {file = "QuantLib-1.34-pp39-pypy39_pp73-manylinux_2_17_x86_64.manylinux2014_x86_64.whl", hash = "sha256:765d7ccdd881c0853fd2761ddc38eb525264316cce9cbf31a2880caffaf2879c"},
    {file = "QuantLib-1.34-pp39-pypy39_pp73-win_amd64.whl", hash = "sha256:74ed50a5499c06f16f53c51b99ddcf768dfa576319c0d90d9d39c250f703e7b9"},
]

[[package]]
name = "quantlib-python"
version = "1.18"
description = "Backward-compatible meta-package for the QuantLib module"
optional = false
python-versions = "*"
files = [
    {file = "QuantLib_Python-1.18-py2.py3-none-any.whl", hash = "sha256:8ea08b1d2247ee66eaab2442cff84b37ca97260f17fb7d2118100cb8111850df"},
]

[package.dependencies]
QuantLib = "*"

[metadata]
lock-version = "2.0"
python-versions = "^3.12"
content-hash = "905036b14110fcfc90f1a2b3252e5803a25c6ada78ba5a5d929d9760871c0a2a"
